tag chips-v1
base https://github.com/paulporkhogkart/mkw-split-rewrite/releases/download/chips-v1
3342c3381e5e4cbd4efed353a5e2f0d05b4b5fe5dc6072e13d974ba5769df8fb  chips-manifest.json
7b6af1253e7fd8b1b5ab09efe486d58707baac8e07dbf5e8353fd29f106fffab  chips-baby_daisy.tar
04f7c7fed0a4023b59c1808c5b61de924fd2ca7c9bde2e7069b9863f956a5735  chips-baby_luigi.tar
1fa422a1bec9bc7164c4bf6f41acd0087c9523b797c82965a5acd4a7b6e6aaad  chips-baby_mario.tar
65435054122355c2c2410be58ec2aff50a69c6545f7653719248260dd8d41f84  chips-baby_peach.tar
44eecadebaa0d5847a1ba969c6a1269d171036967c54a063cbdaaddc63bfb5eb  chips-baby_rosalina.tar
cb68f72aaf0925831de8c2f60f745df83375d59d1ae78ffc838bcfec62a0c134  chips-birdo.tar
56c74249df4b576bb65903b35f97be1da74d28d069c7fecf3c74131df4178c77  chips-bowser.tar
b22803ba3f5bc28e72fa6802c9bd27b30886e13771d309516dad57f09f0844dd  chips-bowser_jr.tar
33266a3c5c54547e575c7bcfdae1e5f699c082eb6faf7f0d94f77af5b0437ec9  chips-cataquack.tar
2257ddab74493c71fade50ddd47889564f10b2eb71814dd336670c0a61c4215a  chips-chargin_chuck.tar
95d2275ead6202d21b18a0fb4ea7a392cb102ce10b89bcdad6eac76a01e28730  chips-cheep_cheep.tar
7a665c80e9762e4d3fb4ea85dec8314bc6261f5b2a6fc03f2f9a56bf6c0dc826  chips-coin_coffer.tar
a46a08e6eda04fe4c71882cc56268d8499888e5b3d93586600fa1bcce463c599  chips-conkdor.tar
35145cd3d4f77d319adc00716a18060a7f61204ad6bc7424409d9978c8e56538  chips-cow.tar
db152f01827844191cb0fb4caaf10cdc15359727838fe1da670ed522fd2c9b74  chips-daisy.tar
c1ed0543a2788ef05ab7b2a1bbf0726f2b91248df6d8bc30ae6f80abc5150495  chips-dolphin.tar
703f4a9cb61c1ac1715a7a23a3b665ce4b28ab85548bd90e65fb93be9e0be985  chips-donkey_kong.tar
98293bc082dcdf8ca113a806a6aef3a84454ad4456d4f3779b3d7dd68136ebfd  chips-dry_bones.tar
db4e7388be64ff40611e563681f8003f615e274fd90aed0456ad9c9cf2584e90  chips-fish_bone.tar
1078be7e3582bbc21ad82817e02fabdec2a05c720859854c7d7a8a54889a28f9  chips-goomba.tar
d59be2bbe02ca5693673758a5260526ea0b5875f515947ff95f74a3bf818dc43  chips-hammer_bro.tar
361e8338eb89f44dee1a48ab4882cb592a9b8fe4b7b6605932239d4e49caf9c3  chips-king_boo.tar
70b04ef5f0b393c961e9ae172d15f2bdbb7b2a39e62c4070cff7811ef9415df7  chips-koopa_troopa.tar
93d5a237a795eabb3cd60cd201631d9310099331b45050bc07e9e1fb5797615e  chips-lakitu.tar
8bb279660d1390b03987eaa84f3fba4ff73564de0e84a4688e4f95f09e91ac8e  chips-luigi.tar
139f5992cfa6d935c09b7406e2b25bfd888d70650a027b5dd8a5ce78c89dde10  chips-mario.tar
accda9456fbbef0a7365d4fef6f33fdc122b3b7fd4b67ecb1619efc389c144a3  chips-monty_mole.tar
82d2b2b225810d828801c2df23036b4882cc1e635a7106b1c005cdb3323468d1  chips-nabbit.tar
eb7872be04c257fd244a9a818e291075544f36f1692fa6de2b8fa859c16fd93f  chips-para_biddybud.tar
c050eb8dd10c397e394ab4bebb19f34614bfe892ac321008b76a8147598fa656  chips-pauline.tar
bc430aa419b9c771310b0eea36397ea2d480c3a68ba7c54ce20bba2928d27d68  chips-peach.tar
9e92e0e094fe5883bf9a52d13cc0fc9f25160dbbf55299dc14f5590e794cdf55  chips-peepa.tar
2100a2673204733f194a986078768db8ac634d526d6fa6a1ce94bb4f0f0ff958  chips-penguin.tar
5108cb23e78c5b729693bb95760ede3e770d47c7ba97845b4ff102c7895c9f9c  chips-pianta.tar
0b89b4ae9b9159cb360cb6f8f8fb5acaa5a41adf2439f77db3397849a7fa268a  chips-piranha_plant.tar
5933d1bdccb4b332e84fcae0c960920326b0624f3c2c733d1c05fd118a3f3fdd  chips-pokey.tar
befcf585a3ba0f3c5b841bc04ffc30735e08eceb047041181a12be358ba5091a  chips-rocky_wrench.tar
9613d8f6072edaafc1579ef5f4fda31202bcaa0521515bd8d5c3cdbbd780d6fb  chips-rosalina.tar
a3061499422705e4c6512fefbe8a61b979f08c928667276612a8b95aa23ada0b  chips-shy_guy.tar
7fa1f176b324465e750e91100a3da9b32bb79210943f03e1fd7846142b32004b  chips-sidestepper.tar
90841edd79a55be506997bb84cc24457b9be3bab1f84638200ac08a9c7e7fffb  chips-snowman.tar
c26da216a6463151e60461de9fe0bc344aa1361bf3474f0454fe14b20740ae0c  chips-spike.tar
cf4a644106e9e2450852dbf2c3e35653f748166a955f56a7d72f709a059b75f0  chips-stingby.tar
98ab16dbf72b335fe73c2c45c52415c17c83fabeb2e6d364ca7e5a1a8a195f25  chips-swoop.tar
5b87b376b57dada0e19d1b893e96f6fca1d4bcd27eec1f522432f9dcd7eeb05e  chips-toad.tar
1480a9211aad1899a0a69bd6bbdc861493823d61c11c0797867030bac4ab586c  chips-toadette.tar
6f557691abebc512f4135fc30d161d85e14930fa51dd16fdac794739f78aaf21  chips-waluigi.tar
234f65aee9ae4267562c3e5c52890d30564c339c4714a1589e9d57a8bce5cad0  chips-wario.tar
e8a44ccb9abedf2c6ab92da7081b265d9d67c7d6a0278917dfe776597d4b7e52  chips-wiggler.tar
2a864d213c79c9675726aac2354635defc677e8294e76ac008277453be1bf353  chips-yoshi.tar
